
Microsoft Visual Studio Solution File, Format Version 12.00
# Visual Studio Version 16
VisualStudioVersion = 16.0.31205.134
MinimumVisualStudioVersion = 10.0.40219.1
Project("{9A19103F-16F7-4668-BE54-9A1E7A4F7556}") = "BusyList", "BusyList\BusyList.csproj", "{214C81AF-CBB8-4FB1-9D77-0E3370951520}"
EndProject
Project("{2150E333-8FDC-42A3-9474-1A3956D46DE8}") = "Solution Items", "Solution Items", "{A8AA6059-865A-4B43-BF6D-61712AA6E62A}"
	ProjectSection(SolutionItems) = preProject
		.editorconfig = .editorconfig
		.gitattributes = .gitattributes
		.gitignore = .gitignore
		README.md = README.md
	EndProjectSection
EndProject
Project("{9A19103F-16F7-4668-BE54-9A1E7A4F7556}") = "BusyList.Tests", "tests\BusyList.Tests\BusyList.Tests.csproj", "{BA769810-CCBC-4C64-ACE7-D1A5F9CB4970}"
EndProject
Global
	GlobalSection(SolutionConfigurationPlatforms) = preSolution
		Debug|Any CPU = Debug|Any CPU
		Release|Any CPU = Release|Any CPU
	EndGlobalSection
	GlobalSection(ProjectConfigurationPlatforms) = postSolution
		{214C81AF-CBB8-4FB1-9D77-0E3370951520}.Debug|Any CPU.ActiveCfg = Debug|Any CPU
		{214C81AF-CBB8-4FB1-9D77-0E3370951520}.Debug|Any CPU.Build.0 = Debug|Any CPU
		{214C81AF-CBB8-4FB1-9D77-0E3370951520}.Release|Any CPU.ActiveCfg = Release|Any CPU
		{214C81AF-CBB8-4FB1-9D77-0E3370951520}.Release|Any CPU.Build.0 = Release|Any CPU
		{BA769810-CCBC-4C64-ACE7-D1A5F9CB4970}.Debug|Any CPU.ActiveCfg = Debug|Any CPU
		{BA769810-CCBC-4C64-ACE7-D1A5F9CB4970}.Debug|Any CPU.Build.0 = Debug|Any CPU
		{BA769810-CCBC-4C64-ACE7-D1A5F9CB4970}.Release|Any CPU.ActiveCfg = Release|Any CPU
		{BA769810-CCBC-4C64-ACE7-D1A5F9CB4970}.Release|Any CPU.Build.0 = Release|Any CPU
	EndGlobalSection
	GlobalSection(SolutionProperties) = preSolution
		HideSolutionNode = FALSE
	EndGlobalSection
	GlobalSection(ExtensibilityGlobals) = postSolution
		SolutionGuid = {9D6307E3-FE5F-4292-A024-608EA3AC24A1}
	EndGlobalSection
EndGlobal
