
Microsoft Visual Studio Solution File, Format Version 12.00
# Visual Studio Version 16
VisualStudioVersion = 16.0.31205.134
MinimumVisualStudioVersion = 10.0.40219.1
Project("{FAE04EC0-301F-11D3-BF4B-00C04F79EFBC}") = "BusyList", "BusyList\BusyList.csproj", "{214C81AF-CBB8-4FB1-9D77-0E3370951520}"
EndProject
Global
	GlobalSection(SolutionConfigurationPlatforms) = preSolution
		Debug|Any CPU = Debug|Any CPU
		Release|Any CPU = Release|Any CPU
	EndGlobalSection
	GlobalSection(ProjectConfigurationPlatforms) = postSolution
		{214C81AF-CBB8-4FB1-9D77-0E3370951520}.Debug|Any CPU.ActiveCfg = Debug|Any CPU
		{214C81AF-CBB8-4FB1-9D77-0E3370951520}.Debug|Any CPU.Build.0 = Debug|Any CPU
		{214C81AF-CBB8-4FB1-9D77-0E3370951520}.Release|Any CPU.ActiveCfg = Release|Any CPU
		{214C81AF-CBB8-4FB1-9D77-0E3370951520}.Release|Any CPU.Build.0 = Release|Any CPU
	EndGlobalSection
	GlobalSection(SolutionProperties) = preSolution
		HideSolutionNode = FALSE
	EndGlobalSection
	GlobalSection(ExtensibilityGlobals) = postSolution
		SolutionGuid = {9D6307E3-FE5F-4292-A024-608EA3AC24A1}
	EndGlobalSection
EndGlobal
